
Microsoft Visual Studio Solution File, Format Version 12.00
# Visual Studio Version 16
VisualStudioVersion = 16.0.29215.179
MinimumVisualStudioVersion = 10.0.40219.1
Project("{8BC9CEB8-8B4A-11D0-8D11-00A0C91BC942}") = "Skynet HK-Aerial", "Skynet HK-Aerial\Skynet HK-Aerial.vcxproj", "{32CCB7F5-9E0C-440C-85CC-FB1A247A06CA}"
EndProject
Global
	GlobalSection(SolutionConfigurationPlatforms) = preSolution
		Debug|x64 = Debug|x64
		Debug|x86 = Debug|x86
		Release|x64 = Release|x64
		Release|x86 = Release|x86
	EndGlobalSection
	GlobalSection(ProjectConfigurationPlatforms) = postSolution
		{32CCB7F5-9E0C-440C-85CC-FB1A247A06CA}.Debug|x64.ActiveCfg = Debug|x64
		{32CCB7F5-9E0C-440C-85CC-FB1A247A06CA}.Debug|x64.Build.0 = Debug|x64
		{32CCB7F5-9E0C-440C-85CC-FB1A247A06CA}.Debug|x86.ActiveCfg = Debug|Win32
		{32CCB7F5-9E0C-440C-85CC-FB1A247A06CA}.Debug|x86.Build.0 = Debug|Win32
		{32CCB7F5-9E0C-440C-85CC-FB1A247A06CA}.Release|x64.ActiveCfg = Release|x64
		{32CCB7F5-9E0C-440C-85CC-FB1A247A06CA}.Release|x64.Build.0 = Release|x64
		{32CCB7F5-9E0C-440C-85CC-FB1A247A06CA}.Release|x86.ActiveCfg = Release|Win32
		{32CCB7F5-9E0C-440C-85CC-FB1A247A06CA}.Release|x86.Build.0 = Release|Win32
	EndGlobalSection
	GlobalSection(SolutionProperties) = preSolution
		HideSolutionNode = FALSE
	EndGlobalSection
	GlobalSection(ExtensibilityGlobals) = postSolution
		SolutionGuid = {CF01E39D-988E-4E7D-AC9C-E47A1145D0F0}
	EndGlobalSection
EndGlobal
